
Microsoft Visual Studio Solution File, Format Version 12.00
# Visual Studio Version 16
VisualStudioVersion = 16.0.31515.178
MinimumVisualStudioVersion = 10.0.40219.1
Project("{9A19103F-16F7-4668-BE54-9A1E7A4F7556}") = "View_WPF", "View_WPF.csproj", "{FBD7C134-4BF9-46A3-9D0A-D9D71939586F}"
	ProjectSection(ProjectDependencies) = postProject
		{E9164AB1-6507-4230-8F28-930666A8D788} = {E9164AB1-6507-4230-8F28-930666A8D788}
	EndProjectSection
EndProject
Project("{9A19103F-16F7-4668-BE54-9A1E7A4F7556}") = "ConnectToControllerTier", "..\ConnectToControllerTier\ConnectToControllerTier.csproj", "{E9164AB1-6507-4230-8F28-930666A8D788}"
EndProject
Global
	GlobalSection(SolutionConfigurationPlatforms) = preSolution
		Debug|Any CPU = Debug|Any CPU
		Release|Any CPU = Release|Any CPU
	EndGlobalSection
	GlobalSection(ProjectConfigurationPlatforms) = postSolution
		{FBD7C134-4BF9-46A3-9D0A-D9D71939586F}.Debug|Any CPU.ActiveCfg = Debug|Any CPU
		{FBD7C134-4BF9-46A3-9D0A-D9D71939586F}.Debug|Any CPU.Build.0 = Debug|Any CPU
		{FBD7C134-4BF9-46A3-9D0A-D9D71939586F}.Release|Any CPU.ActiveCfg = Release|Any CPU
		{FBD7C134-4BF9-46A3-9D0A-D9D71939586F}.Release|Any CPU.Build.0 = Release|Any CPU
		{E9164AB1-6507-4230-8F28-930666A8D788}.Debug|Any CPU.ActiveCfg = Debug|Any CPU
		{E9164AB1-6507-4230-8F28-930666A8D788}.Debug|Any CPU.Build.0 = Debug|Any CPU
		{E9164AB1-6507-4230-8F28-930666A8D788}.Release|Any CPU.ActiveCfg = Release|Any CPU
		{E9164AB1-6507-4230-8F28-930666A8D788}.Release|Any CPU.Build.0 = Release|Any CPU
	EndGlobalSection
	GlobalSection(SolutionProperties) = preSolution
		HideSolutionNode = FALSE
	EndGlobalSection
	GlobalSection(ExtensibilityGlobals) = postSolution
		SolutionGuid = {A9D221DA-7FD5-4ECD-A29B-662A6FE11676}
	EndGlobalSection
EndGlobal
